
Microsoft Visual Studio Solution File, Format Version 12.00
# Visual Studio Version 17
VisualStudioVersion = 17.2.32519.379
MinimumVisualStudioVersion = 10.0.40219.1
Project("{FAE04EC0-301F-11D3-BF4B-00C04F79EFBC}") = "CanCapter", "CanCapter\CanCapter.csproj", "{0D86F370-3A0D-4079-87E5-588D5844C3FA}"
EndProject
Project("{840C416C-B8F3-42BC-B0DD-F6BB14C9F8CB}") = "Setup", "Setup\Setup.aiproj", "{1C5CF601-9583-42C6-AE13-B07588861C98}"
EndProject
Global
	GlobalSection(SolutionConfigurationPlatforms) = preSolution
		All|Any CPU = All|Any CPU
		All|x64 = All|x64
		Debug|Any CPU = Debug|Any CPU
		Debug|x64 = Debug|x64
		Release|Any CPU = Release|Any CPU
		Release|x64 = Release|x64
	EndGlobalSection
	GlobalSection(ProjectConfigurationPlatforms) = postSolution
		{0D86F370-3A0D-4079-87E5-588D5844C3FA}.All|Any CPU.ActiveCfg = Release|Any CPU
		{0D86F370-3A0D-4079-87E5-588D5844C3FA}.All|Any CPU.Build.0 = Release|Any CPU
		{0D86F370-3A0D-4079-87E5-588D5844C3FA}.All|x64.ActiveCfg = Debug|Any CPU
		{0D86F370-3A0D-4079-87E5-588D5844C3FA}.All|x64.Build.0 = Debug|Any CPU
		{0D86F370-3A0D-4079-87E5-588D5844C3FA}.Debug|Any CPU.ActiveCfg = Debug|Any CPU
		{0D86F370-3A0D-4079-87E5-588D5844C3FA}.Debug|Any CPU.Build.0 = Debug|Any CPU
		{0D86F370-3A0D-4079-87E5-588D5844C3FA}.Debug|x64.ActiveCfg = Debug|Any CPU
		{0D86F370-3A0D-4079-87E5-588D5844C3FA}.Release|Any CPU.ActiveCfg = Release|Any CPU
		{0D86F370-3A0D-4079-87E5-588D5844C3FA}.Release|Any CPU.Build.0 = Release|Any CPU
		{0D86F370-3A0D-4079-87E5-588D5844C3FA}.Release|x64.ActiveCfg = Release|Any CPU
		{1C5CF601-9583-42C6-AE13-B07588861C98}.All|Any CPU.ActiveCfg = DefaultBuild
		{1C5CF601-9583-42C6-AE13-B07588861C98}.All|Any CPU.Build.0 = DefaultBuild
		{1C5CF601-9583-42C6-AE13-B07588861C98}.All|x64.ActiveCfg = DefaultBuild
		{1C5CF601-9583-42C6-AE13-B07588861C98}.All|x64.Build.0 = DefaultBuild
		{1C5CF601-9583-42C6-AE13-B07588861C98}.Debug|Any CPU.ActiveCfg = DefaultBuild
		{1C5CF601-9583-42C6-AE13-B07588861C98}.Debug|Any CPU.Build.0 = DefaultBuild
		{1C5CF601-9583-42C6-AE13-B07588861C98}.Debug|x64.ActiveCfg = DefaultBuild
		{1C5CF601-9583-42C6-AE13-B07588861C98}.Debug|x64.Build.0 = DefaultBuild
		{1C5CF601-9583-42C6-AE13-B07588861C98}.Release|Any CPU.ActiveCfg = DefaultBuild
		{1C5CF601-9583-42C6-AE13-B07588861C98}.Release|Any CPU.Build.0 = DefaultBuild
		{1C5CF601-9583-42C6-AE13-B07588861C98}.Release|x64.ActiveCfg = DefaultBuild
		{1C5CF601-9583-42C6-AE13-B07588861C98}.Release|x64.Build.0 = DefaultBuild
	EndGlobalSection
	GlobalSection(SolutionProperties) = preSolution
		HideSolutionNode = FALSE
	EndGlobalSection
	GlobalSection(ExtensibilityGlobals) = postSolution
		SolutionGuid = {DA08670A-807A-4BED-B915-D03834485A29}
	EndGlobalSection
EndGlobal
